
Microsoft Visual Studio Solution File, Format Version 12.00
# Visual Studio Version 17
VisualStudioVersion = 17.11.35303.130
MinimumVisualStudioVersion = 10.0.40219.1
Project("{FAE04EC0-301F-11D3-BF4B-00C04F79EFBC}") = "OpenCampusApi", "OpenCampusApi\OpenCampusApi.csproj", "{484DC746-6F6E-4A47-BF9C-E35C62194E2C}"
EndProject
Global
	GlobalSection(SolutionConfigurationPlatforms) = preSolution
		Debug|Any CPU = Debug|Any CPU
		Release|Any CPU = Release|Any CPU
	EndGlobalSection
	GlobalSection(ProjectConfigurationPlatforms) = postSolution
		{484DC746-6F6E-4A47-BF9C-E35C62194E2C}.Debug|Any CPU.ActiveCfg = Debug|Any CPU
		{484DC746-6F6E-4A47-BF9C-E35C62194E2C}.Debug|Any CPU.Build.0 = Debug|Any CPU
		{484DC746-6F6E-4A47-BF9C-E35C62194E2C}.Release|Any CPU.ActiveCfg = Release|Any CPU
		{484DC746-6F6E-4A47-BF9C-E35C62194E2C}.Release|Any CPU.Build.0 = Release|Any CPU
	EndGlobalSection
	GlobalSection(SolutionProperties) = preSolution
		HideSolutionNode = FALSE
	EndGlobalSection
	GlobalSection(ExtensibilityGlobals) = postSolution
		SolutionGuid = {549B09D5-4FBD-4A6F-9B5A-5E3A2C21D555}
	EndGlobalSection
EndGlobal
